{
  "version": 4,
  "terraform_version": "1.7.2",
  "serial": 119,
  "lineage": "6c0ea800-e35e-1517-4dda-55f5f2e7c4d0",
  "outputs": {},
  "resources": [
    {
      "mode": "managed",
      "type": "azurerm_application_insights",
      "name": "club_booking_app_insights",
      "provider": "provider[\"registry.terraform.io/hashicorp/azurerm\"]",
      "instances": [
        {
          "schema_version": 1,
          "attributes": {
            "app_id": "52249e20-88ce-45ee-b7ce-e6bb9345018e",
            "application_type": "web",
            "connection_string": "InstrumentationKey=af396ed4-a0a7-4323-ac51-267c2a483cd5;IngestionEndpoint=https://ukwest-0.in.applicationinsights.azure.com/;LiveEndpoint=https://ukwest.livediagnostics.monitor.azure.com/",
            "daily_data_cap_in_gb": 100,
            "daily_data_cap_notifications_disabled": false,
            "disable_ip_masking": false,
            "force_customer_storage_for_profiler": false,
            "id": "/subscriptions/7edcaefc-2472-4932-afc9-92f50890c417/resourceGroups/club-booking-rg/providers/Microsoft.Insights/components/club-booking-app-insights",
            "instrumentation_key": "af396ed4-a0a7-4323-ac51-267c2a483cd5",
            "internet_ingestion_enabled": true,
            "internet_query_enabled": true,
            "local_authentication_disabled": false,
            "location": "ukwest",
            "name": "club-booking-app-insights",
            "resource_group_name": "club-booking-rg",
            "retention_in_days": 90,
            "sampling_percentage": 50,
            "tags": null,
            "timeouts": null,
            "workspace_id": "/subscriptions/7edcaefc-2472-4932-afc9-92f50890c417/resourceGroups/DefaultResourceGroup-WUK/providers/Microsoft.OperationalInsights/workspaces/DefaultWorkspace-7edcaefc-2472-4932-afc9-92f50890c417-WUK"
          },
          "sensitive_attributes": [],
          "private": "eyJlMmJmYjczMC1lY2FhLTExZTYtOGY4OC0zNDM2M2JjN2M0YzAiOnsiY3JlYXRlIjozNjAwMDAwMDAwMDAwLCJkZWxldGUiOjE4MDAwMDAwMDAwMDAsInJlYWQiOjMwMDAwMDAwMDAwMCwidXBkYXRlIjoxODAwMDAwMDAwMDAwfSwic2NoZW1hX3ZlcnNpb24iOiIxIn0=",
          "dependencies": [
            "azurerm_resource_group.club_booking_rg"
          ]
        }
      ]
    },
    {
      "mode": "managed",
      "type": "azurerm_data_factory",
      "name": "club_booking_factory",
      "provider": "provider[\"registry.terraform.io/hashicorp/azurerm\"]",
      "instances": [
        {
          "schema_version": 2,
          "attributes": {
            "customer_managed_key_id": "",
            "customer_managed_key_identity_id": "",
            "github_configuration": [],
            "global_parameter": [],
            "id": "/subscriptions/7edcaefc-2472-4932-afc9-92f50890c417/resourceGroups/club-booking-rg/providers/Microsoft.DataFactory/factories/club-booking-factory",
            "identity": [
              {
                "identity_ids": null,
                "principal_id": "32667106-3032-439e-9692-605f78a8f0af",
                "tenant_id": "6b80a6f1-7342-4d0f-b8b6-f60a02e2e38d",
                "type": "SystemAssigned"
              }
            ],
            "location": "uksouth",
            "managed_virtual_network_enabled": false,
            "name": "club-booking-factory",
            "public_network_enabled": true,
            "purview_id": "",
            "resource_group_name": "club-booking-rg",
            "tags": null,
            "timeouts": null,
            "vsts_configuration": []
          },
          "sensitive_attributes": [],
          "private": "eyJlMmJmYjczMC1lY2FhLTExZTYtOGY4OC0zNDM2M2JjN2M0YzAiOnsiY3JlYXRlIjoxODAwMDAwMDAwMDAwLCJkZWxldGUiOjE4MDAwMDAwMDAwMDAsInJlYWQiOjMwMDAwMDAwMDAwMCwidXBkYXRlIjoxODAwMDAwMDAwMDAwfSwic2NoZW1hX3ZlcnNpb24iOiIyIn0=",
          "dependencies": [
            "azurerm_resource_group.club_booking_rg"
          ]
        }
      ]
    },
    {
      "mode": "managed",
      "type": "azurerm_linux_web_app",
      "name": "club_booking_web_app",
      "provider": "provider[\"registry.terraform.io/hashicorp/azurerm\"]",
      "instances": [
        {
          "schema_version": 0,
          "attributes": {
            "app_settings": {
              "APPINSIGHTS_INSTRUMENTATIONKEY": "89a68436-801c-477d-91dd-087e26def990",
              "APPINSIGHTS_PROFILERFEATURE_VERSION": "1.0.0",
              "APPINSIGHTS_SNAPSHOTFEATURE_VERSION": "1.0.0",
              "APPLICATIONINSIGHTS_CONNECTION_STRING": "InstrumentationKey=89a68436-801c-477d-91dd-087e26def990;IngestionEndpoint=https://ukwest-0.in.applicationinsights.azure.com/;LiveEndpoint=https://ukwest.livediagnostics.monitor.azure.com/",
              "APP_DEBUG": "true",
              "APP_ENV": "production",
              "APP_KEY": "base64:8FMojiIlvdOe+6AU8ZWK7Bp2Vz/UnLCfhUosfia3DCA=",
              "APP_NAME": "club-booking",
              "APP_URL": "https://club-booking.azurewebsites.net/",
              "ApplicationInsightsAgent_EXTENSION_VERSION": "~2",
              "DB_CONNECTION": "mysql",
              "DB_HOST": "club-booking-db.mysql.database.azure.com",
              "DB_PASSWORD": "Jollycase#15",
              "DB_PORT": "3306",
              "DB_USERNAME": "clubbookingdbadmin",
              "DiagnosticServices_EXTENSION_VERSION": "~3",
              "InstrumentationEngine_EXTENSION_VERSION": "disabled",
              "MYSQL_ATTR_SSL_KEY": "/home/site/wwwroot/DigiCertGlobalRootG2.crt.pem",
              "SnapshotDebugger_EXTENSION_VERSION": "disabled",
              "XDT_MicrosoftApplicationInsights_BaseExtensions": "disabled",
              "XDT_MicrosoftApplicationInsights_Mode": "recommended",
              "XDT_MicrosoftApplicationInsights_PreemptSdk": "disabled"
            },
            "auth_settings": [],
            "auth_settings_v2": [],
            "backup": [],
            "client_affinity_enabled": false,
            "client_certificate_enabled": false,
            "client_certificate_exclusion_paths": "",
            "client_certificate_mode": "Required",
            "connection_string": [],
            "custom_domain_verification_id": "4F59A75FF56D639FBBAD3404261A46143C37AB8281B8AD34D3A493AC5AAA57BD",
            "default_hostname": "club-booking.azurewebsites.net",
            "enabled": true,
            "hosting_environment_id": "",
            "https_only": false,
            "id": "/subscriptions/7edcaefc-2472-4932-afc9-92f50890c417/resourceGroups/club-booking-rg/providers/Microsoft.Web/sites/club-booking",
            "identity": [],
            "key_vault_reference_identity_id": "SystemAssigned",
            "kind": "app,linux",
            "location": "ukwest",
            "logs": [],
            "name": "club-booking",
            "outbound_ip_address_list": [
              "51.141.39.78",
              "51.141.44.172",
              "51.141.41.170",
              "51.141.42.21",
              "51.141.45.207"
            ],
            "outbound_ip_addresses": "51.141.39.78,51.141.44.172,51.141.41.170,51.141.42.21,51.141.45.207",
            "possible_outbound_ip_address_list": [
              "51.141.39.78",
              "51.141.44.172",
              "51.141.41.170",
              "51.141.42.21",
              "51.141.83.21",
              "51.141.81.168",
              "20.68.122.222",
              "20.68.124.127",
              "20.68.125.250",
              "20.68.127.57",
              "20.68.127.89",
              "20.68.127.98",
              "20.68.127.156",
              "20.68.121.185",
              "20.68.125.253",
              "20.68.120.232",
              "20.68.127.109",
              "20.68.127.221",
              "51.141.45.207"
            ],
            "possible_outbound_ip_addresses": "51.141.39.78,51.141.44.172,51.141.41.170,51.141.42.21,51.141.83.21,51.141.81.168,20.68.122.222,20.68.124.127,20.68.125.250,20.68.127.57,20.68.127.89,20.68.127.98,20.68.127.156,20.68.121.185,20.68.125.253,20.68.120.232,20.68.127.109,20.68.127.221,51.141.45.207",
            "public_network_access_enabled": true,
            "resource_group_name": "club-booking-rg",
            "service_plan_id": "/subscriptions/7edcaefc-2472-4932-afc9-92f50890c417/resourceGroups/club-booking-rg/providers/Microsoft.Web/serverfarms/ASP-clubbookingrg-af57",
            "site_config": [
              {
                "always_on": false,
                "api_definition_url": "",
                "api_management_api_id": "",
                "app_command_line": "/home/site/wwwroot/deploy/startup.sh",
                "application_stack": [
                  {
                    "docker_image": "",
                    "docker_image_name": "",
                    "docker_image_tag": "",
                    "docker_registry_password": "",
                    "docker_registry_url": "",
                    "docker_registry_username": "",
                    "dotnet_version": "",
                    "go_version": "",
                    "java_server": "",
                    "java_server_version": "",
                    "java_version": "",
                    "node_version": "",
                    "php_version": "8.2",
                    "python_version": "",
                    "ruby_version": ""
                  }
                ],
                "auto_heal_enabled": false,
                "auto_heal_setting": [],
                "container_registry_managed_identity_client_id": "",
                "container_registry_use_managed_identity": false,
                "cors": [],
                "default_documents": [
                  "Default.htm",
                  "Default.html",
                  "Default.asp",
                  "index.htm",
                  "index.html",
                  "iisstart.htm",
                  "default.aspx",
                  "index.php",
                  "hostingstart.html"
                ],
                "detailed_error_logging_enabled": false,
                "ftps_state": "FtpsOnly",
                "health_check_eviction_time_in_min": 0,
                "health_check_path": "",
                "http2_enabled": false,
                "ip_restriction": [],
                "linux_fx_version": "PHP|8.2",
                "load_balancing_mode": "LeastRequests",
                "local_mysql_enabled": false,
                "managed_pipeline_mode": "Integrated",
                "minimum_tls_version": "1.2",
                "remote_debugging_enabled": false,
                "remote_debugging_version": "VS2019",
                "scm_ip_restriction": [],
                "scm_minimum_tls_version": "1.2",
                "scm_type": "None",
                "scm_use_main_ip_restriction": false,
                "use_32_bit_worker": true,
                "vnet_route_all_enabled": false,
                "websockets_enabled": false,
                "worker_count": 1
              }
            ],
            "site_credential": [
              {
                "name": "$club-booking",
                "password": "wRxewkTd4sGTgCcMoBimqZrTj4Ns85w21e4tqSGXu73mkuXo32qfjjwizqh6"
              }
            ],
            "sticky_settings": [
              {
                "app_setting_names": [
                  "APP_DEBUG",
                  "APPINSIGHTS_INSTRUMENTATIONKEY",
                  "APPLICATIONINSIGHTS_CONNECTION_STRING ",
                  "APPINSIGHTS_PROFILERFEATURE_VERSION",
                  "APPINSIGHTS_SNAPSHOTFEATURE_VERSION",
                  "ApplicationInsightsAgent_EXTENSION_VERSION",
                  "XDT_MicrosoftApplicationInsights_BaseExtensions",
                  "DiagnosticServices_EXTENSION_VERSION",
                  "InstrumentationEngine_EXTENSION_VERSION",
                  "SnapshotDebugger_EXTENSION_VERSION",
                  "XDT_MicrosoftApplicationInsights_Mode",
                  "XDT_MicrosoftApplicationInsights_PreemptSdk",
                  "APPLICATIONINSIGHTS_CONFIGURATION_CONTENT",
                  "XDT_MicrosoftApplicationInsightsJava",
                  "XDT_MicrosoftApplicationInsights_NodeJS"
                ],
                "connection_string_names": null
              }
            ],
            "storage_account": [],
            "tags": null,
            "timeouts": null,
            "virtual_network_subnet_id": "",
            "zip_deploy_file": ""
          },
          "sensitive_attributes": [],
          "private": "eyJlMmJmYjczMC1lY2FhLTExZTYtOGY4OC0zNDM2M2JjN2M0YzAiOnsiY3JlYXRlIjoxODAwMDAwMDAwMDAwLCJkZWxldGUiOjE4MDAwMDAwMDAwMDAsInJlYWQiOjMwMDAwMDAwMDAwMCwidXBkYXRlIjoxODAwMDAwMDAwMDAwfX0=",
          "dependencies": [
            "azurerm_resource_group.club_booking_rg",
            "azurerm_service_plan.club_booking_service_plan"
          ]
        }
      ]
    },
    {
      "mode": "managed",
      "type": "azurerm_monitor_action_group",
      "name": "smart_detection_action_group",
      "provider": "provider[\"registry.terraform.io/hashicorp/azurerm\"]",
      "instances": [
        {
          "schema_version": 1,
          "attributes": {
            "arm_role_receiver": [
              {
                "name": "Monitoring Contributor",
                "role_id": "749f88d5-cbae-40b8-bcfc-e573ddc772fa",
                "use_common_alert_schema": true
              },
              {
                "name": "Monitoring Reader",
                "role_id": "43d0d8ad-25c7-4714-9337-8ba259a9fe05",
                "use_common_alert_schema": true
              }
            ],
            "automation_runbook_receiver": [],
            "azure_app_push_receiver": [],
            "azure_function_receiver": [],
            "email_receiver": [],
            "enabled": true,
            "event_hub_receiver": [],
            "id": "/subscriptions/7edcaefc-2472-4932-afc9-92f50890c417/resourceGroups/club-booking-rg/providers/Microsoft.Insights/actionGroups/Application Insights Smart Detection",
            "itsm_receiver": [],
            "location": "global",
            "logic_app_receiver": [],
            "name": "Application Insights Smart Detection",
            "resource_group_name": "club-booking-rg",
            "short_name": "SmartDetect",
            "sms_receiver": [],
            "tags": null,
            "timeouts": null,
            "voice_receiver": [],
            "webhook_receiver": []
          },
          "sensitive_attributes": [],
          "private": "eyJlMmJmYjczMC1lY2FhLTExZTYtOGY4OC0zNDM2M2JjN2M0YzAiOnsiY3JlYXRlIjoxODAwMDAwMDAwMDAwLCJkZWxldGUiOjE4MDAwMDAwMDAwMDAsInJlYWQiOjMwMDAwMDAwMDAwMCwidXBkYXRlIjoxODAwMDAwMDAwMDAwfSwic2NoZW1hX3ZlcnNpb24iOiIxIn0=",
          "dependencies": [
            "azurerm_resource_group.club_booking_rg"
          ]
        }
      ]
    },
    {
      "mode": "managed",
      "type": "azurerm_monitor_smart_detector_alert_rule",
      "name": "failure_anomalies_alert",
      "provider": "provider[\"registry.terraform.io/hashicorp/azurerm\"]",
      "instances": [
        {
          "schema_version": 1,
          "attributes": {
            "action_group": [
              {
                "email_subject": "",
                "ids": [
                  "/subscriptions/7edcaefc-2472-4932-afc9-92f50890c417/resourcegroups/club-booking-rg/providers/microsoft.insights/actionGroups/application-insights-smart-detection"
                ],
                "webhook_payload": ""
              }
            ],
            "description": "Failure Anomalies notifies you of an unusual rise in the rate of failed HTTP requests or dependency calls.",
            "detector_type": "FailureAnomaliesDetector",
            "enabled": true,
            "frequency": "PT1M",
            "id": "/subscriptions/7edcaefc-2472-4932-afc9-92f50890c417/resourceGroups/club-booking-rg/providers/Microsoft.AlertsManagement/smartDetectorAlertRules/Failure Anomalies - club-booking-web-app",
            "name": "Failure Anomalies - club-booking-web-app",
            "resource_group_name": "club-booking-rg",
            "scope_resource_ids": [
              "/subscriptions/7edcaefc-2472-4932-afc9-92f50890c417/resourcegroups/club-booking-rg/providers/microsoft.insights/components/club-booking-web-app"
            ],
            "severity": "Sev3",
            "tags": null,
            "throttling_duration": "",
            "timeouts": null
          },
          "sensitive_attributes": [],
          "private": "eyJlMmJmYjczMC1lY2FhLTExZTYtOGY4OC0zNDM2M2JjN2M0YzAiOnsiY3JlYXRlIjoxODAwMDAwMDAwMDAwLCJkZWxldGUiOjE4MDAwMDAwMDAwMDAsInJlYWQiOjMwMDAwMDAwMDAwMCwidXBkYXRlIjoxODAwMDAwMDAwMDAwfSwic2NoZW1hX3ZlcnNpb24iOiIxIn0=",
          "dependencies": [
            "azurerm_resource_group.club_booking_rg"
          ]
        }
      ]
    },
    {
      "mode": "managed",
      "type": "azurerm_mysql_flexible_database",
      "name": "club_booking_main_db",
      "provider": "provider[\"registry.terraform.io/hashicorp/azurerm\"]",
      "instances": [
        {
          "schema_version": 0,
          "attributes": {
            "charset": "utf8mb4",
            "collation": "utf8mb4_general_ci",
            "id": "/subscriptions/7edcaefc-2472-4932-afc9-92f50890c417/resourceGroups/club-booking-rg/providers/Microsoft.DBforMySQL/flexibleServers/club-booking-db/databases/clubbookingdb",
            "name": "clubbookingdb",
            "resource_group_name": "club-booking-rg",
            "server_name": "club-booking-db",
            "timeouts": null
          },
          "sensitive_attributes": [],
          "private": "eyJlMmJmYjczMC1lY2FhLTExZTYtOGY4OC0zNDM2M2JjN2M0YzAiOnsiY3JlYXRlIjozNjAwMDAwMDAwMDAwLCJkZWxldGUiOjM2MDAwMDAwMDAwMDAsInJlYWQiOjMwMDAwMDAwMDAwMCwidXBkYXRlIjozNjAwMDAwMDAwMDAwfX0=",
          "dependencies": [
            "azurerm_mysql_flexible_server.club_booking_db_server",
            "azurerm_resource_group.club_booking_rg"
          ]
        }
      ]
    },
    {
      "mode": "managed",
      "type": "azurerm_mysql_flexible_server",
      "name": "club_booking_db_server",
      "provider": "provider[\"registry.terraform.io/hashicorp/azurerm\"]",
      "instances": [
        {
          "schema_version": 0,
          "attributes": {
            "administrator_login": "adminuser",
            "administrator_password": "AdminPassword123",
            "backup_retention_days": 7,
            "create_mode": null,
            "customer_managed_key": [],
            "delegated_subnet_id": "",
            "fqdn": "club-booking-db.mysql.database.azure.com",
            "geo_redundant_backup_enabled": false,
            "high_availability": [],
            "id": "/subscriptions/7edcaefc-2472-4932-afc9-92f50890c417/resourceGroups/club-booking-rg/providers/Microsoft.DBforMySQL/flexibleServers/club-booking-db",
            "identity": [],
            "location": "uksouth",
            "maintenance_window": [],
            "name": "club-booking-db",
            "point_in_time_restore_time_in_utc": null,
            "private_dns_zone_id": "",
            "public_network_access_enabled": true,
            "replica_capacity": 10,
            "replication_role": "None",
            "resource_group_name": "club-booking-rg",
            "sku_name": "B_Standard_B1s",
            "source_server_id": null,
            "storage": [
              {
                "auto_grow_enabled": true,
                "io_scaling_enabled": false,
                "iops": 360,
                "size_gb": 20
              }
            ],
            "tags": {
              "environment": "production",
              "project": "club-booking"
            },
            "timeouts": null,
            "version": "5.7",
            "zone": "1"
          },
          "sensitive_attributes": [],
          "private": "eyJlMmJmYjczMC1lY2FhLTExZTYtOGY4OC0zNDM2M2JjN2M0YzAiOnsiY3JlYXRlIjozNjAwMDAwMDAwMDAwLCJkZWxldGUiOjM2MDAwMDAwMDAwMDAsInJlYWQiOjMwMDAwMDAwMDAwMCwidXBkYXRlIjozNjAwMDAwMDAwMDAwfX0=",
          "dependencies": [
            "azurerm_resource_group.club_booking_rg"
          ]
        }
      ]
    },
    {
      "mode": "managed",
      "type": "azurerm_mysql_flexible_server_firewall_rule",
      "name": "allow_all_ips",
      "provider": "provider[\"registry.terraform.io/hashicorp/azurerm\"]",
      "instances": [
        {
          "schema_version": 0,
          "attributes": {
            "end_ip_address": "255.255.255.255",
            "id": "/subscriptions/7edcaefc-2472-4932-afc9-92f50890c417/resourceGroups/club-booking-rg/providers/Microsoft.DBforMySQL/flexibleServers/club-booking-db/firewallRules/AllowAll_2024-2-4_14-53-29",
            "name": "AllowAll_2024-2-4_14-53-29",
            "resource_group_name": "club-booking-rg",
            "server_name": "club-booking-db",
            "start_ip_address": "0.0.0.0",
            "timeouts": null
          },
          "sensitive_attributes": [],
          "private": "eyJlMmJmYjczMC1lY2FhLTExZTYtOGY4OC0zNDM2M2JjN2M0YzAiOnsiY3JlYXRlIjoxODAwMDAwMDAwMDAwLCJkZWxldGUiOjE4MDAwMDAwMDAwMDAsInJlYWQiOjMwMDAwMDAwMDAwMCwidXBkYXRlIjoxODAwMDAwMDAwMDAwfX0=",
          "dependencies": [
            "azurerm_mysql_flexible_server.club_booking_db_server",
            "azurerm_resource_group.club_booking_rg"
          ]
        }
      ]
    },
    {
      "mode": "managed",
      "type": "azurerm_resource_group",
      "name": "club_booking_rg",
      "provider": "provider[\"registry.terraform.io/hashicorp/azurerm\"]",
      "instances": [
        {
          "schema_version": 0,
          "attributes": {
            "id": "/subscriptions/7edcaefc-2472-4932-afc9-92f50890c417/resourceGroups/club-booking-rg",
            "location": "uksouth",
            "managed_by": "",
            "name": "club-booking-rg",
            "tags": null,
            "timeouts": null
          },
          "sensitive_attributes": [],
          "private": "eyJlMmJmYjczMC1lY2FhLTExZTYtOGY4OC0zNDM2M2JjN2M0YzAiOnsiY3JlYXRlIjo1NDAwMDAwMDAwMDAwLCJkZWxldGUiOjU0MDAwMDAwMDAwMDAsInJlYWQiOjMwMDAwMDAwMDAwMCwidXBkYXRlIjo1NDAwMDAwMDAwMDAwfX0="
        }
      ]
    },
    {
      "mode": "managed",
      "type": "azurerm_service_plan",
      "name": "club_booking_service_plan",
      "provider": "provider[\"registry.terraform.io/hashicorp/azurerm\"]",
      "instances": [
        {
          "schema_version": 0,
          "attributes": {
            "app_service_environment_id": "",
            "id": "/subscriptions/7edcaefc-2472-4932-afc9-92f50890c417/resourceGroups/club-booking-rg/providers/Microsoft.Web/serverfarms/ASP-clubbookingrg-af57",
            "kind": "linux",
            "location": "ukwest",
            "maximum_elastic_worker_count": 1,
            "name": "ASP-clubbookingrg-af57",
            "os_type": "Linux",
            "per_site_scaling_enabled": false,
            "reserved": true,
            "resource_group_name": "club-booking-rg",
            "sku_name": "B1",
            "tags": null,
            "timeouts": null,
            "worker_count": 1,
            "zone_balancing_enabled": false
          },
          "sensitive_attributes": [],
          "private": "eyJlMmJmYjczMC1lY2FhLTExZTYtOGY4OC0zNDM2M2JjN2M0YzAiOnsiY3JlYXRlIjozNjAwMDAwMDAwMDAwLCJkZWxldGUiOjM2MDAwMDAwMDAwMDAsInJlYWQiOjMwMDAwMDAwMDAwMCwidXBkYXRlIjozNjAwMDAwMDAwMDAwfX0=",
          "dependencies": [
            "azurerm_resource_group.club_booking_rg"
          ]
        }
      ]
    }
  ],
  "check_results": null
}
